{
  "originHash" : "ede3af221c5df6f519591f601b6867f75ce4dd57918eeb4d733df6ceba7621a0",
  "pins" : [
    {
      "identity" : "sdk-auth-ios-framework",
      "kind" : "remoteSourceControl",
      "location" : "https://github.com/Wantsa/sdk-auth-ios-framework",
      "state" : {
        "revision" : "5516187ae5d4f46f125f34021e53be4816b82c6e",
        "version" : "1.0.0"
      }
    },
    {
      "identity" : "sdk-model-ios-framework",
      "kind" : "remoteSourceControl",
      "location" : "https://github.com/Wantsa/sdk-model-ios-framework",
      "state" : {
        "revision" : "1469f8163ee19376bff2ab1717536adbaefe0967",
        "version" : "1.1.0"
      }
    }
  ],
  "version" : 3
}
