{
  "originHash" : "ede3af221c5df6f519591f601b6867f75ce4dd57918eeb4d733df6ceba7621a0",
  "pins" : [
    {
      "identity" : "sdk-auth-ios-framework",
      "kind" : "remoteSourceControl",
      "location" : "https://github.com/Wantsa/sdk-auth-ios-framework",
      "state" : {
        "revision" : "e59a75b663f72233a7c2d9094c16c079b14a065d",
        "version" : "1.0.6"
      }
    },
    {
      "identity" : "sdk-model-ios-framework",
      "kind" : "remoteSourceControl",
      "location" : "https://github.com/Wantsa/sdk-model-ios-framework",
      "state" : {
        "revision" : "68560b8d709e76fdb83d16350afe360341a2abb7",
        "version" : "1.1.4"
      }
    }
  ],
  "version" : 3
}
