{
  "originHash" : "76c0d2e99d9dc4b38dc2ac1c25907afe37406ca48b9388e43fea2765b34f6310",
  "pins" : [
    {
      "identity" : "sdk-auth-ios-framework",
      "kind" : "remoteSourceControl",
      "location" : "https://github.com/Wantsa/sdk-auth-ios-framework",
      "state" : {
        "revision" : "e59a75b663f72233a7c2d9094c16c079b14a065d",
        "version" : "1.0.6"
      }
    },
    {
      "identity" : "sdk-model-ios-framework",
      "kind" : "remoteSourceControl",
      "location" : "https://github.com/Wantsa/sdk-model-ios-framework",
      "state" : {
        "revision" : "68560b8d709e76fdb83d16350afe360341a2abb7",
        "version" : "1.1.4"
      }
    }
  ],
  "version" : 3
}
